// !$*UTF8*$!
{
	archiveVersion = 1;
	classes = {
	};
	objectVersion = 46;
	objects = {

/* Begin PBXBuildFile section */
		2D7233E0286D6A6F1A0511FA /* Pods_Dormy.framework in Frameworks */ = {isa = PBXBuildFile; fileRef = 241EEFFCABF2498EA13FD635 /* Pods_Dormy.framework */; };
		5E2D7A871DE4F80900368679 /* SettingsViewController.swift in Sources */ = {isa = PBXBuildFile; fileRef = 5E2D7A861DE4F80900368679 /* SettingsViewController.swift */; };
		5E7DF18F1DCC457A007DFF95 /* ChatLogController.swift in Sources */ = {isa = PBXBuildFile; fileRef = 5E7DF18E1DCC457A007DFF95 /* ChatLogController.swift */; };
		5EB891811DF74900005736C2 /* CommentCell.swift in Sources */ = {isa = PBXBuildFile; fileRef = 5EB891801DF74900005736C2 /* CommentCell.swift */; };
		5EB891831DF74946005736C2 /* SubCommentCell.swift in Sources */ = {isa = PBXBuildFile; fileRef = 5EB891821DF74946005736C2 /* SubCommentCell.swift */; };
		5EB891851DF75BD5005736C2 /* AlertViewController.swift in Sources */ = {isa = PBXBuildFile; fileRef = 5EB891841DF75BD5005736C2 /* AlertViewController.swift */; };
		5EB891871DF75BE3005736C2 /* QuestionViewController.swift in Sources */ = {isa = PBXBuildFile; fileRef = 5EB891861DF75BE3005736C2 /* QuestionViewController.swift */; };
		5EB8918A1DF76204005736C2 /* EventViewController.swift in Sources */ = {isa = PBXBuildFile; fileRef = 5EB891891DF76204005736C2 /* EventViewController.swift */; };
		5EB8918E1DF776E9005736C2 /* Post.swift in Sources */ = {isa = PBXBuildFile; fileRef = 5EB8918D1DF776E9005736C2 /* Post.swift */; };
		5EB891901DF77EBC005736C2 /* PostTableViewCell.swift in Sources */ = {isa = PBXBuildFile; fileRef = 5EB8918F1DF77EBC005736C2 /* PostTableViewCell.swift */; };
		5EFA31AB1DD38EFA008047F2 /* userMsgCell.swift in Sources */ = {isa = PBXBuildFile; fileRef = 5EFA31AA1DD38EFA008047F2 /* userMsgCell.swift */; };
		5EFA31AD1DD390F6008047F2 /* Message.swift in Sources */ = {isa = PBXBuildFile; fileRef = 5EFA31AC1DD390F6008047F2 /* Message.swift */; };
		781A9D5E1DCFE08700EFE1EA /* MenuController.swift in Sources */ = {isa = PBXBuildFile; fileRef = 781A9D5D1DCFE08700EFE1EA /* MenuController.swift */; };
		783074C01DD0194700326E0B /* SWRevealViewController.m in Sources */ = {isa = PBXBuildFile; fileRef = 783074BF1DD0194700326E0B /* SWRevealViewController.m */; };
		785471021DCAB62E00A4C35C /* User.swift in Sources */ = {isa = PBXBuildFile; fileRef = 785471011DCAB62E00A4C35C /* User.swift */; };
		785471041DCADD4C00A4C35C /* AllUsersViewController.swift in Sources */ = {isa = PBXBuildFile; fileRef = 785471031DCADD4C00A4C35C /* AllUsersViewController.swift */; };
		785471061DCAE7AD00A4C35C /* UserCell.swift in Sources */ = {isa = PBXBuildFile; fileRef = 785471051DCAE7AD00A4C35C /* UserCell.swift */; };
		785D13F61DF89F3000D45B0E /* NewBulletinViewController.swift in Sources */ = {isa = PBXBuildFile; fileRef = 785D13F51DF89F3000D45B0E /* NewBulletinViewController.swift */; };
		786AC88A1DE26DB30031085A /* OtherProfileViewController.swift in Sources */ = {isa = PBXBuildFile; fileRef = F4F643ED1DE2498200CB4E0F /* OtherProfileViewController.swift */; };
		7875C89B1DCEA05900715A89 /* Messages.storyboard in Resources */ = {isa = PBXBuildFile; fileRef = 7875C89A1DCEA05900715A89 /* Messages.storyboard */; };
		7875C89D1DCEA08300715A89 /* MessagesTableViewController.swift in Sources */ = {isa = PBXBuildFile; fileRef = 7875C89C1DCEA08300715A89 /* MessagesTableViewController.swift */; };
		78FB7F821DE2446100EDD7F1 /* BulletinBoard.storyboard in Resources */ = {isa = PBXBuildFile; fileRef = 78FB7F811DE2446100EDD7F1 /* BulletinBoard.storyboard */; };
		78FB7F841DE2459A00EDD7F1 /* BulletinBoardTableViewController.swift in Sources */ = {isa = PBXBuildFile; fileRef = 78FB7F831DE2459A00EDD7F1 /* BulletinBoardTableViewController.swift */; };
		78FB7F861DE2563F00EDD7F1 /* BulletinThreadTableViewController.swift in Sources */ = {isa = PBXBuildFile; fileRef = 78FB7F851DE2563F00EDD7F1 /* BulletinThreadTableViewController.swift */; };
		F411D4691DF884590067ABEB /* ThreadPostTableViewCell.swift in Sources */ = {isa = PBXBuildFile; fileRef = F411D4681DF884590067ABEB /* ThreadPostTableViewCell.swift */; };
		F43893AB1DD4151E00C5BB75 /* LaundryMachine.swift in Sources */ = {isa = PBXBuildFile; fileRef = F43893AA1DD4151E00C5BB75 /* LaundryMachine.swift */; };
		F46466AF1DD6205000DF45DF /* MessageViewCell.swift in Sources */ = {isa = PBXBuildFile; fileRef = F46466AE1DD6205000DF45DF /* MessageViewCell.swift */; };
		F4DB1BA01DD284BE004BAE24 /* LaundryHelper.storyboard in Resources */ = {isa = PBXBuildFile; fileRef = F4DB1B9F1DD284BE004BAE24 /* LaundryHelper.storyboard */; };
		F4DB1BA21DD2851B004BAE24 /* LaundryHelperTableViewController.swift in Sources */ = {isa = PBXBuildFile; fileRef = F4DB1BA11DD2851B004BAE24 /* LaundryHelperTableViewController.swift */; };
		F4DB1BA41DD28546004BAE24 /* LaundryTableViewCell.swift in Sources */ = {isa = PBXBuildFile; fileRef = F4DB1BA31DD28546004BAE24 /* LaundryTableViewCell.swift */; };
		F4E5F5CF1DD290C7004F00E7 /* AddLaundryMachineViewController.swift in Sources */ = {isa = PBXBuildFile; fileRef = F4E5F5CE1DD290C7004F00E7 /* AddLaundryMachineViewController.swift */; };
		F68842541DBE4B8E00DA9CEC /* AppDelegate.swift in Sources */ = {isa = PBXBuildFile; fileRef = F68842531DBE4B8E00DA9CEC /* AppDelegate.swift */; };
		F68842561DBE4B8E00DA9CEC /* ViewController.swift in Sources */ = {isa = PBXBuildFile; fileRef = F68842551DBE4B8E00DA9CEC /* ViewController.swift */; };
		F68842591DBE4B8E00DA9CEC /* Main.storyboard in Resources */ = {isa = PBXBuildFile; fileRef = F68842571DBE4B8E00DA9CEC /* Main.storyboard */; };
		F688425B1DBE4B8E00DA9CEC /* Assets.xcassets in Resources */ = {isa = PBXBuildFile; fileRef = F688425A1DBE4B8E00DA9CEC /* Assets.xcassets */; };
		F688425E1DBE4B8E00DA9CEC /* LaunchScreen.storyboard in Resources */ = {isa = PBXBuildFile; fileRef = F688425C1DBE4B8E00DA9CEC /* LaunchScreen.storyboard */; };
		F68842661DBE4C5700DA9CEC /* GoogleService-Info.plist in Resources */ = {isa = PBXBuildFile; fileRef = F68842651DBE4C5700DA9CEC /* GoogleService-Info.plist */; };
		F6CD2B421DBE4F620078689A /* RegisterViewController.swift in Sources */ = {isa = PBXBuildFile; fileRef = F6CD2B411DBE4F620078689A /* RegisterViewController.swift */; };
		F6CD2B441DBE4F790078689A /* UserProfileViewController.swift in Sources */ = {isa = PBXBuildFile; fileRef = F6CD2B431DBE4F790078689A /* UserProfileViewController.swift */; };
		F6CD2B461DBE6EBC0078689A /* EditDescriptionViewController.swift in Sources */ = {isa = PBXBuildFile; fileRef = F6CD2B451DBE6EBC0078689A /* EditDescriptionViewController.swift */; };
/* End PBXBuildFile section */

/* Begin PBXFileReference section */
		11E955876CC6DB50ABE08B2D /* Pods-Dormy.release.xcconfig */ = {isa = PBXFileReference; includeInIndex = 1; lastKnownFileType = text.xcconfig; name = "Pods-Dormy.release.xcconfig"; path = "Pods/Target Support Files/Pods-Dormy/Pods-Dormy.release.xcconfig"; sourceTree = "<group>"; };
		241EEFFCABF2498EA13FD635 /* Pods_Dormy.framework */ = {isa = PBXFileReference; explicitFileType = wrapper.framework; includeInIndex = 0; path = Pods_Dormy.framework; sourceTree = BUILT_PRODUCTS_DIR; };
		5E2D7A861DE4F80900368679 /* SettingsViewController.swift */ = {isa = PBXFileReference; fileEncoding = 4; lastKnownFileType = sourcecode.swift; path = SettingsViewController.swift; sourceTree = "<group>"; };
		5E7DF18E1DCC457A007DFF95 /* ChatLogController.swift */ = {isa = PBXFileReference; fileEncoding = 4; lastKnownFileType = sourcecode.swift; path = ChatLogController.swift; sourceTree = "<group>"; };
		5EB891801DF74900005736C2 /* CommentCell.swift */ = {isa = PBXFileReference; fileEncoding = 4; lastKnownFileType = sourcecode.swift; path = CommentCell.swift; sourceTree = "<group>"; };
		5EB891821DF74946005736C2 /* SubCommentCell.swift */ = {isa = PBXFileReference; fileEncoding = 4; lastKnownFileType = sourcecode.swift; path = SubCommentCell.swift; sourceTree = "<group>"; };
		5EB891841DF75BD5005736C2 /* AlertViewController.swift */ = {isa = PBXFileReference; fileEncoding = 4; lastKnownFileType = sourcecode.swift; path = AlertViewController.swift; sourceTree = "<group>"; };
		5EB891861DF75BE3005736C2 /* QuestionViewController.swift */ = {isa = PBXFileReference; fileEncoding = 4; lastKnownFileType = sourcecode.swift; path = QuestionViewController.swift; sourceTree = "<group>"; };
		5EB891891DF76204005736C2 /* EventViewController.swift */ = {isa = PBXFileReference; fileEncoding = 4; lastKnownFileType = sourcecode.swift; path = EventViewController.swift; sourceTree = "<group>"; };
		5EB8918D1DF776E9005736C2 /* Post.swift */ = {isa = PBXFileReference; fileEncoding = 4; lastKnownFileType = sourcecode.swift; path = Post.swift; sourceTree = "<group>"; };
		5EB8918F1DF77EBC005736C2 /* PostTableViewCell.swift */ = {isa = PBXFileReference; fileEncoding = 4; lastKnownFileType = sourcecode.swift; path = PostTableViewCell.swift; sourceTree = "<group>"; };
		5EFA31AA1DD38EFA008047F2 /* userMsgCell.swift */ = {isa = PBXFileReference; fileEncoding = 4; lastKnownFileType = sourcecode.swift; path = userMsgCell.swift; sourceTree = "<group>"; };
		5EFA31AC1DD390F6008047F2 /* Message.swift */ = {isa = PBXFileReference; fileEncoding = 4; lastKnownFileType = sourcecode.swift; path = Message.swift; sourceTree = "<group>"; };
		781A9D591DCFDEF200EFE1EA /* Dormy-Bridging-Header.h */ = {isa = PBXFileReference; lastKnownFileType = sourcecode.c.h; path = "Dormy-Bridging-Header.h"; sourceTree = "<group>"; };
		781A9D5D1DCFE08700EFE1EA /* MenuController.swift */ = {isa = PBXFileReference; fileEncoding = 4; lastKnownFileType = sourcecode.swift; path = MenuController.swift; sourceTree = "<group>"; };
		783074BE1DD0194700326E0B /* SWRevealViewController.h */ = {isa = PBXFileReference; fileEncoding = 4; lastKnownFileType = sourcecode.c.h; path = SWRevealViewController.h; sourceTree = "<group>"; };
		783074BF1DD0194700326E0B /* SWRevealViewController.m */ = {isa = PBXFileReference; fileEncoding = 4; lastKnownFileType = sourcecode.c.objc; path = SWRevealViewController.m; sourceTree = "<group>"; };
		785471011DCAB62E00A4C35C /* User.swift */ = {isa = PBXFileReference; fileEncoding = 4; lastKnownFileType = sourcecode.swift; path = User.swift; sourceTree = "<group>"; };
		785471031DCADD4C00A4C35C /* AllUsersViewController.swift */ = {isa = PBXFileReference; fileEncoding = 4; lastKnownFileType = sourcecode.swift; path = AllUsersViewController.swift; sourceTree = "<group>"; };
		785471051DCAE7AD00A4C35C /* UserCell.swift */ = {isa = PBXFileReference; fileEncoding = 4; lastKnownFileType = sourcecode.swift; path = UserCell.swift; sourceTree = "<group>"; };
		785D13F51DF89F3000D45B0E /* NewBulletinViewController.swift */ = {isa = PBXFileReference; fileEncoding = 4; lastKnownFileType = sourcecode.swift; path = NewBulletinViewController.swift; sourceTree = "<group>"; };
		7875C89A1DCEA05900715A89 /* Messages.storyboard */ = {isa = PBXFileReference; fileEncoding = 4; lastKnownFileType = file.storyboard; path = Messages.storyboard; sourceTree = "<group>"; };
		7875C89C1DCEA08300715A89 /* MessagesTableViewController.swift */ = {isa = PBXFileReference; fileEncoding = 4; lastKnownFileType = sourcecode.swift; path = MessagesTableViewController.swift; sourceTree = "<group>"; };
		78FB7F811DE2446100EDD7F1 /* BulletinBoard.storyboard */ = {isa = PBXFileReference; fileEncoding = 4; lastKnownFileType = file.storyboard; path = BulletinBoard.storyboard; sourceTree = "<group>"; };
		78FB7F831DE2459A00EDD7F1 /* BulletinBoardTableViewController.swift */ = {isa = PBXFileReference; fileEncoding = 4; lastKnownFileType = sourcecode.swift; path = BulletinBoardTableViewController.swift; sourceTree = "<group>"; };
		78FB7F851DE2563F00EDD7F1 /* BulletinThreadTableViewController.swift */ = {isa = PBXFileReference; fileEncoding = 4; lastKnownFileType = sourcecode.swift; path = BulletinThreadTableViewController.swift; sourceTree = "<group>"; };
		9D6EA82844CFDF0D2D72BF82 /* Pods-Dormy.debug.xcconfig */ = {isa = PBXFileReference; includeInIndex = 1; lastKnownFileType = text.xcconfig; name = "Pods-Dormy.debug.xcconfig"; path = "Pods/Target Support Files/Pods-Dormy/Pods-Dormy.debug.xcconfig"; sourceTree = "<group>"; };
		F411D4681DF884590067ABEB /* ThreadPostTableViewCell.swift */ = {isa = PBXFileReference; fileEncoding = 4; lastKnownFileType = sourcecode.swift; path = ThreadPostTableViewCell.swift; sourceTree = "<group>"; };
		F43893AA1DD4151E00C5BB75 /* LaundryMachine.swift */ = {isa = PBXFileReference; fileEncoding = 4; lastKnownFileType = sourcecode.swift; path = LaundryMachine.swift; sourceTree = "<group>"; };
		F46466AE1DD6205000DF45DF /* MessageViewCell.swift */ = {isa = PBXFileReference; fileEncoding = 4; lastKnownFileType = sourcecode.swift; path = MessageViewCell.swift; sourceTree = "<group>"; };
		F4DB1B9F1DD284BE004BAE24 /* LaundryHelper.storyboard */ = {isa = PBXFileReference; fileEncoding = 4; lastKnownFileType = file.storyboard; path = LaundryHelper.storyboard; sourceTree = "<group>"; };
		F4DB1BA11DD2851B004BAE24 /* LaundryHelperTableViewController.swift */ = {isa = PBXFileReference; fileEncoding = 4; lastKnownFileType = sourcecode.swift; path = LaundryHelperTableViewController.swift; sourceTree = "<group>"; };
		F4DB1BA31DD28546004BAE24 /* LaundryTableViewCell.swift */ = {isa = PBXFileReference; fileEncoding = 4; lastKnownFileType = sourcecode.swift; path = LaundryTableViewCell.swift; sourceTree = "<group>"; };
		F4E5F5CE1DD290C7004F00E7 /* AddLaundryMachineViewController.swift */ = {isa = PBXFileReference; fileEncoding = 4; lastKnownFileType = sourcecode.swift; path = AddLaundryMachineViewController.swift; sourceTree = "<group>"; };
		F4F643ED1DE2498200CB4E0F /* OtherProfileViewController.swift */ = {isa = PBXFileReference; fileEncoding = 4; lastKnownFileType = sourcecode.swift; path = OtherProfileViewController.swift; sourceTree = "<group>"; };
		F68842501DBE4B8E00DA9CEC /* Dormy.app */ = {isa = PBXFileReference; explicitFileType = wrapper.application; includeInIndex = 0; path = Dormy.app; sourceTree = BUILT_PRODUCTS_DIR; };
		F68842531DBE4B8E00DA9CEC /* AppDelegate.swift */ = {isa = PBXFileReference; lastKnownFileType = sourcecode.swift; path = AppDelegate.swift; sourceTree = "<group>"; };
		F68842551DBE4B8E00DA9CEC /* ViewController.swift */ = {isa = PBXFileReference; lastKnownFileType = sourcecode.swift; path = ViewController.swift; sourceTree = "<group>"; };
		F68842581DBE4B8E00DA9CEC /* Base */ = {isa = PBXFileReference; lastKnownFileType = file.storyboard; name = Base; path = Base.lproj/Main.storyboard; sourceTree = "<group>"; };
		F688425A1DBE4B8E00DA9CEC /* Assets.xcassets */ = {isa = PBXFileReference; lastKnownFileType = folder.assetcatalog; path = Assets.xcassets; sourceTree = "<group>"; };
		F688425D1DBE4B8E00DA9CEC /* Base */ = {isa = PBXFileReference; lastKnownFileType = file.storyboard; name = Base; path = Base.lproj/LaunchScreen.storyboard; sourceTree = "<group>"; };
		F688425F1DBE4B8E00DA9CEC /* Info.plist */ = {isa = PBXFileReference; lastKnownFileType = text.plist.xml; path = Info.plist; sourceTree = "<group>"; };
		F68842651DBE4C5700DA9CEC /* GoogleService-Info.plist */ = {isa = PBXFileReference; fileEncoding = 4; lastKnownFileType = text.plist.xml; path = "GoogleService-Info.plist"; sourceTree = "<group>"; };
		F6CD2B411DBE4F620078689A /* RegisterViewController.swift */ = {isa = PBXFileReference; fileEncoding = 4; lastKnownFileType = sourcecode.swift; path = RegisterViewController.swift; sourceTree = "<group>"; };
		F6CD2B431DBE4F790078689A /* UserProfileViewController.swift */ = {isa = PBXFileReference; fileEncoding = 4; lastKnownFileType = sourcecode.swift; path = UserProfileViewController.swift; sourceTree = "<group>"; };
		F6CD2B451DBE6EBC0078689A /* EditDescriptionViewController.swift */ = {isa = PBXFileReference; fileEncoding = 4; lastKnownFileType = sourcecode.swift; path = EditDescriptionViewController.swift; sourceTree = "<group>"; };
/* End PBXFileReference section */

/* Begin PBXFrameworksBuildPhase section */
		F688424D1DBE4B8E00DA9CEC /* Frameworks */ = {
			isa = PBXFrameworksBuildPhase;
			buildActionMask = 2147483647;
			files = (
				2D7233E0286D6A6F1A0511FA /* Pods_Dormy.framework in Frameworks */,
			);
			runOnlyForDeploymentPostprocessing = 0;
		};
/* End PBXFrameworksBuildPhase section */

/* Begin PBXGroup section */
		295E82036F73CFF2AA012527 /* Pods */ = {
			isa = PBXGroup;
			children = (
				9D6EA82844CFDF0D2D72BF82 /* Pods-Dormy.debug.xcconfig */,
				11E955876CC6DB50ABE08B2D /* Pods-Dormy.release.xcconfig */,
			);
			name = Pods;
			sourceTree = "<group>";
		};
		781A9D581DCFDED600EFE1EA /* SWRevealViewController */ = {
			isa = PBXGroup;
			children = (
				783074BE1DD0194700326E0B /* SWRevealViewController.h */,
				783074BF1DD0194700326E0B /* SWRevealViewController.m */,
				781A9D591DCFDEF200EFE1EA /* Dormy-Bridging-Header.h */,
				781A9D5D1DCFE08700EFE1EA /* MenuController.swift */,
			);
			name = SWRevealViewController;
			sourceTree = "<group>";
		};
		785470FB1DCAA60700A4C35C /* Messages */ = {
			isa = PBXGroup;
			children = (
				5E7DF18E1DCC457A007DFF95 /* ChatLogController.swift */,
				7875C89A1DCEA05900715A89 /* Messages.storyboard */,
				7875C89C1DCEA08300715A89 /* MessagesTableViewController.swift */,
				5EFA31AA1DD38EFA008047F2 /* userMsgCell.swift */,
				5EFA31AC1DD390F6008047F2 /* Message.swift */,
				F46466AE1DD6205000DF45DF /* MessageViewCell.swift */,
			);
			name = Messages;
			sourceTree = "<group>";
		};
		785471001DCAB60D00A4C35C /* User */ = {
			isa = PBXGroup;
			children = (
				785471011DCAB62E00A4C35C /* User.swift */,
				785471031DCADD4C00A4C35C /* AllUsersViewController.swift */,
				785471051DCAE7AD00A4C35C /* UserCell.swift */,
			);
			name = User;
			sourceTree = "<group>";
		};
		78BE8CDE1DC16CCE00C0E6E2 /* Profile */ = {
			isa = PBXGroup;
			children = (
				F6CD2B451DBE6EBC0078689A /* EditDescriptionViewController.swift */,
				F6CD2B431DBE4F790078689A /* UserProfileViewController.swift */,
				F4F643ED1DE2498200CB4E0F /* OtherProfileViewController.swift */,
			);
			name = Profile;
			sourceTree = "<group>";
		};
		78FB7F801DE2443800EDD7F1 /* BulletinBoard */ = {
			isa = PBXGroup;
			children = (
				78FB7F811DE2446100EDD7F1 /* BulletinBoard.storyboard */,
				78FB7F831DE2459A00EDD7F1 /* BulletinBoardTableViewController.swift */,
				78FB7F851DE2563F00EDD7F1 /* BulletinThreadTableViewController.swift */,
				5EB891801DF74900005736C2 /* CommentCell.swift */,
				5EB891821DF74946005736C2 /* SubCommentCell.swift */,
				5EB891841DF75BD5005736C2 /* AlertViewController.swift */,
				5EB891861DF75BE3005736C2 /* QuestionViewController.swift */,
				5EB891891DF76204005736C2 /* EventViewController.swift */,
				5EB8918D1DF776E9005736C2 /* Post.swift */,
				5EB8918F1DF77EBC005736C2 /* PostTableViewCell.swift */,
				F411D4681DF884590067ABEB /* ThreadPostTableViewCell.swift */,
				785D13F51DF89F3000D45B0E /* NewBulletinViewController.swift */,
			);
			name = BulletinBoard;
			sourceTree = "<group>";
		};
		F4DB1B961DD28102004BAE24 /* LaundryHelper */ = {
			isa = PBXGroup;
			children = (
				F4DB1B9F1DD284BE004BAE24 /* LaundryHelper.storyboard */,
				F4DB1BA11DD2851B004BAE24 /* LaundryHelperTableViewController.swift */,
				F4DB1BA31DD28546004BAE24 /* LaundryTableViewCell.swift */,
				F4E5F5CE1DD290C7004F00E7 /* AddLaundryMachineViewController.swift */,
				F43893AA1DD4151E00C5BB75 /* LaundryMachine.swift */,
			);
			name = LaundryHelper;
			sourceTree = "<group>";
		};
		F68842471DBE4B8E00DA9CEC = {
			isa = PBXGroup;
			children = (
				F68842521DBE4B8E00DA9CEC /* Dormy */,
				F68842511DBE4B8E00DA9CEC /* Products */,
				295E82036F73CFF2AA012527 /* Pods */,
				F733FE4D77FC3A1E57B460D9 /* Frameworks */,
			);
			sourceTree = "<group>";
		};
		F68842511DBE4B8E00DA9CEC /* Products */ = {
			isa = PBXGroup;
			children = (
				F68842501DBE4B8E00DA9CEC /* Dormy.app */,
			);
			name = Products;
			sourceTree = "<group>";
		};
		F68842521DBE4B8E00DA9CEC /* Dormy */ = {
			isa = PBXGroup;
			children = (
				78FB7F801DE2443800EDD7F1 /* BulletinBoard */,
				F4DB1B961DD28102004BAE24 /* LaundryHelper */,
				781A9D581DCFDED600EFE1EA /* SWRevealViewController */,
				785471001DCAB60D00A4C35C /* User */,
				785470FB1DCAA60700A4C35C /* Messages */,
				78BE8CDE1DC16CCE00C0E6E2 /* Profile */,
				F68842531DBE4B8E00DA9CEC /* AppDelegate.swift */,
				F68842551DBE4B8E00DA9CEC /* ViewController.swift */,
				F6CD2B411DBE4F620078689A /* RegisterViewController.swift */,
				F68842571DBE4B8E00DA9CEC /* Main.storyboard */,
				F688425C1DBE4B8E00DA9CEC /* LaunchScreen.storyboard */,
				F688425A1DBE4B8E00DA9CEC /* Assets.xcassets */,
				F688425F1DBE4B8E00DA9CEC /* Info.plist */,
				F68842651DBE4C5700DA9CEC /* GoogleService-Info.plist */,
				5E2D7A861DE4F80900368679 /* SettingsViewController.swift */,
			);
			path = Dormy;
			sourceTree = "<group>";
		};
		F733FE4D77FC3A1E57B460D9 /* Frameworks */ = {
			isa = PBXGroup;
			children = (
				241EEFFCABF2498EA13FD635 /* Pods_Dormy.framework */,
			);
			name = Frameworks;
			sourceTree = "<group>";
		};
/* End PBXGroup section */

/* Begin PBXNativeTarget section */
		F688424F1DBE4B8E00DA9CEC /* Dormy */ = {
			isa = PBXNativeTarget;
			buildConfigurationList = F68842621DBE4B8E00DA9CEC /* Build configuration list for PBXNativeTarget "Dormy" */;
			buildPhases = (
				606C2794B0724091D37213D8 /* [CP] Check Pods Manifest.lock */,
				F688424C1DBE4B8E00DA9CEC /* Sources */,
				F688424D1DBE4B8E00DA9CEC /* Frameworks */,
				F688424E1DBE4B8E00DA9CEC /* Resources */,
				2F1559C2B4D0E19E9631F146 /* [CP] Embed Pods Frameworks */,
				20BD8AEFD97AA4082485CC35 /* [CP] Copy Pods Resources */,
			);
			buildRules = (
			);
			dependencies = (
			);
			name = Dormy;
			productName = Dormy;
			productReference = F68842501DBE4B8E00DA9CEC /* Dormy.app */;
			productType = "com.apple.product-type.application";
		};
/* End PBXNativeTarget section */

/* Begin PBXProject section */
		F68842481DBE4B8E00DA9CEC /* Project object */ = {
			isa = PBXProject;
			attributes = {
				LastSwiftUpdateCheck = 0730;
				LastUpgradeCheck = 0730;
				ORGANIZATIONNAME = cs378;
				TargetAttributes = {
					F688424F1DBE4B8E00DA9CEC = {
						CreatedOnToolsVersion = 7.3.1;
					};
				};
			};
			buildConfigurationList = F688424B1DBE4B8E00DA9CEC /* Build configuration list for PBXProject "Dormy" */;
			compatibilityVersion = "Xcode 3.2";
			developmentRegion = English;
			hasScannedForEncodings = 0;
			knownRegions = (
				en,
				Base,
			);
			mainGroup = F68842471DBE4B8E00DA9CEC;
			productRefGroup = F68842511DBE4B8E00DA9CEC /* Products */;
			projectDirPath = "";
			projectRoot = "";
			targets = (
				F688424F1DBE4B8E00DA9CEC /* Dormy */,
			);
		};
/* End PBXProject section */

/* Begin PBXResourcesBuildPhase section */
		F688424E1DBE4B8E00DA9CEC /* Resources */ = {
			isa = PBXResourcesBuildPhase;
			buildActionMask = 2147483647;
			files = (
				F4DB1BA01DD284BE004BAE24 /* LaundryHelper.storyboard in Resources */,
				F688425E1DBE4B8E00DA9CEC /* LaunchScreen.storyboard in Resources */,
				F688425B1DBE4B8E00DA9CEC /* Assets.xcassets in Resources */,
				F68842661DBE4C5700DA9CEC /* GoogleService-Info.plist in Resources */,
				78FB7F821DE2446100EDD7F1 /* BulletinBoard.storyboard in Resources */,
				7875C89B1DCEA05900715A89 /* Messages.storyboard in Resources */,
				F68842591DBE4B8E00DA9CEC /* Main.storyboard in Resources */,
			);
			runOnlyForDeploymentPostprocessing = 0;
		};
/* End PBXResourcesBuildPhase section */

/* Begin PBXShellScriptBuildPhase section */
		20BD8AEFD97AA4082485CC35 /* [CP] Copy Pods Resources */ = {
			isa = PBXShellScriptBuildPhase;
			buildActionMask = 2147483647;
			files = (
			);
			inputPaths = (
			);
			name = "[CP] Copy Pods Resources";
			outputPaths = (
			);
			runOnlyForDeploymentPostprocessing = 0;
			shellPath = /bin/sh;
			shellScript = "\"${SRCROOT}/Pods/Target Support Files/Pods-Dormy/Pods-Dormy-resources.sh\"\n";
			showEnvVarsInLog = 0;
		};
		2F1559C2B4D0E19E9631F146 /* [CP] Embed Pods Frameworks */ = {
			isa = PBXShellScriptBuildPhase;
			buildActionMask = 2147483647;
			files = (
			);
			inputPaths = (
			);
			name = "[CP] Embed Pods Frameworks";
			outputPaths = (
			);
			runOnlyForDeploymentPostprocessing = 0;
			shellPath = /bin/sh;
			shellScript = "\"${SRCROOT}/Pods/Target Support Files/Pods-Dormy/Pods-Dormy-frameworks.sh\"\n";
			showEnvVarsInLog = 0;
		};
		606C2794B0724091D37213D8 /* [CP] Check Pods Manifest.lock */ = {
			isa = PBXShellScriptBuildPhase;
			buildActionMask = 2147483647;
			files = (
			);
			inputPaths = (
			);
			name = "[CP] Check Pods Manifest.lock";
			outputPaths = (
			);
			runOnlyForDeploymentPostprocessing = 0;
			shellPath = /bin/sh;
			shellScript = "diff \"${PODS_ROOT}/../Podfile.lock\" \"${PODS_ROOT}/Manifest.lock\" > /dev/null\nif [ $? != 0 ] ; then\n    # print error to STDERR\n    echo \"error: The sandbox is not in sync with the Podfile.lock. Run 'pod install' or update your CocoaPods installation.\" >&2\n    exit 1\nfi\n";
			showEnvVarsInLog = 0;
		};
/* End PBXShellScriptBuildPhase section */

/* Begin PBXSourcesBuildPhase section */
		F688424C1DBE4B8E00DA9CEC /* Sources */ = {
			isa = PBXSourcesBuildPhase;
			buildActionMask = 2147483647;
			files = (
				5EFA31AB1DD38EFA008047F2 /* userMsgCell.swift in Sources */,
				783074C01DD0194700326E0B /* SWRevealViewController.m in Sources */,
				785D13F61DF89F3000D45B0E /* NewBulletinViewController.swift in Sources */,
				786AC88A1DE26DB30031085A /* OtherProfileViewController.swift in Sources */,
				F46466AF1DD6205000DF45DF /* MessageViewCell.swift in Sources */,
				F6CD2B421DBE4F620078689A /* RegisterViewController.swift in Sources */,
				5EB891831DF74946005736C2 /* SubCommentCell.swift in Sources */,
				5EFA31AD1DD390F6008047F2 /* Message.swift in Sources */,
				F6CD2B441DBE4F790078689A /* UserProfileViewController.swift in Sources */,
				F68842561DBE4B8E00DA9CEC /* ViewController.swift in Sources */,
				5EB8918A1DF76204005736C2 /* EventViewController.swift in Sources */,
				78FB7F841DE2459A00EDD7F1 /* BulletinBoardTableViewController.swift in Sources */,
				F4DB1BA41DD28546004BAE24 /* LaundryTableViewCell.swift in Sources */,
				5EB891851DF75BD5005736C2 /* AlertViewController.swift in Sources */,
				F43893AB1DD4151E00C5BB75 /* LaundryMachine.swift in Sources */,
				7875C89D1DCEA08300715A89 /* MessagesTableViewController.swift in Sources */,
				78FB7F861DE2563F00EDD7F1 /* BulletinThreadTableViewController.swift in Sources */,
				785471041DCADD4C00A4C35C /* AllUsersViewController.swift in Sources */,
				5EB891901DF77EBC005736C2 /* PostTableViewCell.swift in Sources */,
				785471061DCAE7AD00A4C35C /* UserCell.swift in Sources */,
				5EB891871DF75BE3005736C2 /* QuestionViewController.swift in Sources */,
				5E2D7A871DE4F80900368679 /* SettingsViewController.swift in Sources */,
				785471021DCAB62E00A4C35C /* User.swift in Sources */,
				F411D4691DF884590067ABEB /* ThreadPostTableViewCell.swift in Sources */,
				F4DB1BA21DD2851B004BAE24 /* LaundryHelperTableViewController.swift in Sources */,
				5EB8918E1DF776E9005736C2 /* Post.swift in Sources */,
				F68842541DBE4B8E00DA9CEC /* AppDelegate.swift in Sources */,
				F4E5F5CF1DD290C7004F00E7 /* AddLaundryMachineViewController.swift in Sources */,
				5E7DF18F1DCC457A007DFF95 /* ChatLogController.swift in Sources */,
				F6CD2B461DBE6EBC0078689A /* EditDescriptionViewController.swift in Sources */,
				781A9D5E1DCFE08700EFE1EA /* MenuController.swift in Sources */,
				5EB891811DF74900005736C2 /* CommentCell.swift in Sources */,
			);
			runOnlyForDeploymentPostprocessing = 0;
		};
/* End PBXSourcesBuildPhase section */

/* Begin PBXVariantGroup section */
		F68842571DBE4B8E00DA9CEC /* Main.storyboard */ = {
			isa = PBXVariantGroup;
			children = (
				F68842581DBE4B8E00DA9CEC /* Base */,
			);
			name = Main.storyboard;
			sourceTree = "<group>";
		};
		F688425C1DBE4B8E00DA9CEC /* LaunchScreen.storyboard */ = {
			isa = PBXVariantGroup;
			children = (
				F688425D1DBE4B8E00DA9CEC /* Base */,
			);
			name = LaunchScreen.storyboard;
			sourceTree = "<group>";
		};
/* End PBXVariantGroup section */

/* Begin XCBuildConfiguration section */
		F68842601DBE4B8E00DA9CEC /* Debug */ = {
			isa = XCBuildConfiguration;
			buildSettings = {
				ALWAYS_SEARCH_USER_PATHS = NO;
				CLANG_ANALYZER_NONNULL = YES;
				CLANG_CXX_LANGUAGE_STANDARD = "gnu++0x";
				CLANG_CXX_LIBRARY = "libc++";
				CLANG_ENABLE_MODULES = YES;
				CLANG_ENABLE_OBJC_ARC = YES;
				CLANG_WARN_BOOL_CONVERSION = YES;
				CLANG_WARN_CONSTANT_CONVERSION = YES;
				CLANG_WARN_DIRECT_OBJC_ISA_USAGE = YES_ERROR;
				CLANG_WARN_EMPTY_BODY = YES;
				CLANG_WARN_ENUM_CONVERSION = YES;
				CLANG_WARN_INT_CONVERSION = YES;
				CLANG_WARN_OBJC_ROOT_CLASS = YES_ERROR;
				CLANG_WARN_UNREACHABLE_CODE = YES;
				CLANG_WARN__DUPLICATE_METHOD_MATCH = YES;
				"CODE_SIGN_IDENTITY[sdk=iphoneos*]" = "iPhone Developer";
				COPY_PHASE_STRIP = NO;
				DEBUG_INFORMATION_FORMAT = dwarf;
				ENABLE_STRICT_OBJC_MSGSEND = YES;
				ENABLE_TESTABILITY = YES;
				GCC_C_LANGUAGE_STANDARD = gnu99;
				GCC_DYNAMIC_NO_PIC = NO;
				GCC_NO_COMMON_BLOCKS = YES;
				GCC_OPTIMIZATION_LEVEL = 0;
				GCC_PREPROCESSOR_DEFINITIONS = (
					"DEBUG=1",
					"$(inherited)",
				);
				GCC_WARN_64_TO_32_BIT_CONVERSION = YES;
				GCC_WARN_ABOUT_RETURN_TYPE = YES_ERROR;
				GCC_WARN_UNDECLARED_SELECTOR = YES;
				GCC_WARN_UNINITIALIZED_AUTOS = YES_AGGRESSIVE;
				GCC_WARN_UNUSED_FUNCTION = YES;
				GCC_WARN_UNUSED_VARIABLE = YES;
				IPHONEOS_DEPLOYMENT_TARGET = 9.3;
				MTL_ENABLE_DEBUG_INFO = YES;
				ONLY_ACTIVE_ARCH = YES;
				SDKROOT = iphoneos;
				SWIFT_OPTIMIZATION_LEVEL = "-Onone";
				SWIFT_VERSION = 2.3;
			};
			name = Debug;
		};
		F68842611DBE4B8E00DA9CEC /* Release */ = {
			isa = XCBuildConfiguration;
			buildSettings = {
				ALWAYS_SEARCH_USER_PATHS = NO;
				CLANG_ANALYZER_NONNULL = YES;
				CLANG_CXX_LANGUAGE_STANDARD = "gnu++0x";
				CLANG_CXX_LIBRARY = "libc++";
				CLANG_ENABLE_MODULES = YES;
				CLANG_ENABLE_OBJC_ARC = YES;
				CLANG_WARN_BOOL_CONVERSION = YES;
				CLANG_WARN_CONSTANT_CONVERSION = YES;
				CLANG_WARN_DIRECT_OBJC_ISA_USAGE = YES_ERROR;
				CLANG_WARN_EMPTY_BODY = YES;
				CLANG_WARN_ENUM_CONVERSION = YES;
				CLANG_WARN_INT_CONVERSION = YES;
				CLANG_WARN_OBJC_ROOT_CLASS = YES_ERROR;
				CLANG_WARN_UNREACHABLE_CODE = YES;
				CLANG_WARN__DUPLICATE_METHOD_MATCH = YES;
				"CODE_SIGN_IDENTITY[sdk=iphoneos*]" = "iPhone Developer";
				COPY_PHASE_STRIP = NO;
				DEBUG_INFORMATION_FORMAT = "dwarf-with-dsym";
				ENABLE_NS_ASSERTIONS = NO;
				ENABLE_STRICT_OBJC_MSGSEND = YES;
				GCC_C_LANGUAGE_STANDARD = gnu99;
				GCC_NO_COMMON_BLOCKS = YES;
				GCC_WARN_64_TO_32_BIT_CONVERSION = YES;
				GCC_WARN_ABOUT_RETURN_TYPE = YES_ERROR;
				GCC_WARN_UNDECLARED_SELECTOR = YES;
				GCC_WARN_UNINITIALIZED_AUTOS = YES_AGGRESSIVE;
				GCC_WARN_UNUSED_FUNCTION = YES;
				GCC_WARN_UNUSED_VARIABLE = YES;
				IPHONEOS_DEPLOYMENT_TARGET = 9.3;
				MTL_ENABLE_DEBUG_INFO = NO;
				SDKROOT = iphoneos;
				SWIFT_VERSION = 2.3;
				VALIDATE_PRODUCT = YES;
			};
			name = Release;
		};
		F68842631DBE4B8E00DA9CEC /* Debug */ = {
			isa = XCBuildConfiguration;
			baseConfigurationReference = 9D6EA82844CFDF0D2D72BF82 /* Pods-Dormy.debug.xcconfig */;
			buildSettings = {
				ASSETCATALOG_COMPILER_APPICON_NAME = AppIcon;
				CLANG_ENABLE_MODULES = YES;
				INFOPLIST_FILE = Dormy/Info.plist;
				LD_RUNPATH_SEARCH_PATHS = "$(inherited) @executable_path/Frameworks";
				PRODUCT_BUNDLE_IDENTIFIER = com.cs378.Dormy;
				PRODUCT_NAME = "$(TARGET_NAME)";
				SWIFT_OBJC_BRIDGING_HEADER = "Dormy/Dormy-Bridging-Header.h";
				SWIFT_OPTIMIZATION_LEVEL = "-Onone";
			};
			name = Debug;
		};
		F68842641DBE4B8E00DA9CEC /* Release */ = {
			isa = XCBuildConfiguration;
			baseConfigurationReference = 11E955876CC6DB50ABE08B2D /* Pods-Dormy.release.xcconfig */;
			buildSettings = {
				ASSETCATALOG_COMPILER_APPICON_NAME = AppIcon;
				CLANG_ENABLE_MODULES = YES;
				INFOPLIST_FILE = Dormy/Info.plist;
				LD_RUNPATH_SEARCH_PATHS = "$(inherited) @executable_path/Frameworks";
				PRODUCT_BUNDLE_IDENTIFIER = com.cs378.Dormy;
				PRODUCT_NAME = "$(TARGET_NAME)";
				SWIFT_OBJC_BRIDGING_HEADER = "Dormy/Dormy-Bridging-Header.h";
			};
			name = Release;
		};
/* End XCBuildConfiguration section */

/* Begin XCConfigurationList section */
		F688424B1DBE4B8E00DA9CEC /* Build configuration list for PBXProject "Dormy" */ = {
			isa = XCConfigurationList;
			buildConfigurations = (
				F68842601DBE4B8E00DA9CEC /* Debug */,
				F68842611DBE4B8E00DA9CEC /* Release */,
			);
			defaultConfigurationIsVisible = 0;
			defaultConfigurationName = Release;
		};
		F68842621DBE4B8E00DA9CEC /* Build configuration list for PBXNativeTarget "Dormy" */ = {
			isa = XCConfigurationList;
			buildConfigurations = (
				F68842631DBE4B8E00DA9CEC /* Debug */,
				F68842641DBE4B8E00DA9CEC /* Release */,
			);
			defaultConfigurationIsVisible = 0;
			defaultConfigurationName = Release;
		};
/* End XCConfigurationList section */
	};
	rootObject = F68842481DBE4B8E00DA9CEC /* Project object */;
}
